version = 1
revision = 3
requires-python = ">=3.11.14, <3.12"

[[package]]
name = "brian2"
version = "2.9.0"
source = { registry = "https://pypi.org/simple" }
dependencies = [
    { name = "cython" },
    { name = "jinja2" },
    { name = "numpy" },
    { name = "packaging" },
    { name = "py-cpuinfo", marker = "sys_platform == 'win32'" },
    { name = "pyparsing" },
    { name = "setuptools" },
    { name = "sympy" },
]
sdist = { url = "https://files.pythonhosted.org/packages/22/94/91ec4f3e5f29c9714ac23ba51779774f7998b8b69ead7022605771e81f41/brian2-2.9.0.tar.gz", hash = "sha256:e4ddeec1cc23f37542e3d067acea2770623c264fbded144ca6d7a1b6cc3ca397", size = 1717742, upload-time = "2025-05-14T17:32:14.732Z" }
wheels = [
    { url = "https://files.pythonhosted.org/packages/cd/e4/c89002966057a1b7325bc77af763c3404ce34689b05573a76a2afbb6dac5/brian2-2.9.0-cp311-cp311-macosx_10_9_x86_64.whl", hash = "sha256:57db78e3a7fff2317d6d355aa811e20b2999d81b012a58b3b8226b6811563801", size = 1172654, upload-time = "2025-05-14T17:31:43.132Z" },
    { url = "https://files.pythonhosted.org/packages/22/6a/5c3348994fc4934a064fdb22586a611cbe1f7c88c616b97f947be480fd22/brian2-2.9.0-cp311-cp311-macosx_11_0_arm64.whl", hash = "sha256:e8f16cbefa0eaff42b4b679d5547e3e432396ae3e9d19941354605ce30b4e050", size = 1164576, upload-time = "2025-05-14T17:31:44.885Z" },
    { url = "https://files.pythonhosted.org/packages/bd/dc/f6f22c02812fb7571f17ca7cf0adf2827ff0a593763c25167480d4ce77e6/brian2-2.9.0-cp311-cp311-manylinux_2_17_aarch64.manylinux2014_aarch64.whl", hash = "sha256:e7b8c48ec909e298ee783b2593d896f0cf0563b5b984753f457b2e7db8cf773a", size = 1818061, upload-time = "2025-05-14T17:31:46.733Z" },
    { url = "https://files.pythonhosted.org/packages/bb/91/a39f035ac60ff2775217787cbe932bd82a6d8c541a2c5129995ad2090908/brian2-2.9.0-cp311-cp311-manylinux_2_17_x86_64.manylinux2014_x86_64.whl", hash = "sha256:deefb8e1d037fbb6002dfa54c6cc9f93f21346179348e520c6ceb07270361d8d", size = 1819952, upload-time = "2025-05-14T17:31:48.705Z" },
    { url = "https://files.pythonhosted.org/packages/e5/a8/d02f3d5549282d1d5602d645f0f42181a1c7ddd0f431ccf08c99c1161514/brian2-2.9.0-cp311-cp311-musllinux_1_2_x86_64.whl", hash = "sha256:f23d9bcf7bb0912c9baba560abb2db91ceaceda6fe279619a90bf26b9952060b", size = 2879037, upload-time = "2025-05-14T17:31:50.288Z" },
    { url = "https://files.pythonhosted.org/packages/c9/4c/063f9a558ea571bdf5c767b3a10a83bb51cfddabec9665c98df7000efd7b/brian2-2.9.0-cp311-cp311-win_amd64.whl", hash = "sha256:107bf8367d4c632cd8156cc975ffa3122d0f2aba4d145fccbd32b5636f95614b", size = 1158205, upload-time = "2025-05-14T17:31:52.105Z" },
]

[[package]]
name = "cython"
version = "3.3.0"
source = { registry = "https://pypi.org/simple" }
sdist = { url = "https://files.pythonhosted.org/packages/a9/d8/4981ef716ad0e3ff0d3ef383aefc6b03c4a88dee33b272bf8e0d833001ca/cython-3.3.0.tar.gz", hash = "sha256:eed0d93fbca7087f143b42c34b05a825849bdf17f101572c2105acfa49aa88b8", size = 3727515, upload-time = "2026-08-22T05:16:39.493Z" }
wheels = [
    { url = "https://files.pythonhosted.org/packages/af/67/dffaf12b7203f7e936d98b967e065c50a7883f152c51ded44ed8762128f4/cython-3.3.0-cp311-cp311-macosx_11_0_arm64.whl", hash = "sha256:ec09dbf73ff4f7be2b339b995fadae9c4bb517bbbed7ec11d6fe99c2092b48fd", size = 3134644, upload-time = "2026-08-22T05:16:59.112Z" },
    { url = "https://files.pythonhosted.org/packages/6a/f2/9dc6a3bad9c9d11bf31903321553820a661ce00319a57c4181bf0dcb87f4/cython-3.3.0-cp311-cp311-manylinux2014_aarch64.manylinux_2_17_aarch64.manylinux_2_28_aarch64.whl", hash = "sha256:11e437f086affee8051cec4bb531be3edb646ab66e325154aa6849377f365033", size = 3346108, upload-time = "2026-08-22T05:17:01.082Z" },
    { url = "https://files.pythonhosted.org/packages/3f/9b/dd726d11b2aff24f0c3fa68ce9e3934097a058aca471a8cc9888aeae5471/cython-3.3.0-cp311-cp311-manylinux2014_x86_64.manylinux_2_17_x86_64.manylinux_2_28_x86_64.whl", hash = "sha256:e6035b5231a9316edc19d6415f4296fd1d0370e2a165a714b3edc167b9ca00e1", size = 3479260, upload-time = "2026-08-22T05:17:03.476Z" },
    { url = "https://files.pythonhosted.org/packages/43/55/7408773fdadb2b3434501109696533555ba89f233366519c661372c69098/cython-3.3.0-cp311-cp311-win_amd64.whl", hash = "sha256:8566ea804cfc265f5e9dda71d1b716aa24ee4c3423a5da4b28a248a78c33e3f9", size = 2862883, upload-time = "2026-08-22T05:17:06.008Z" },
    { url = "https://files.pythonhosted.org/packages/14/59/bc1a84b434cb5bebb0cd6f50da8f239d35a5c141b20fdeafc2817fd87778/cython-3.3.0-cp39-abi3-macosx_10_9_x86_64.whl", hash = "sha256:e0d2713d2b292c826bc21dc8732bd9e47628103aa3764180c881e04b3fef95dc", size = 3063660, upload-time = "2026-08-22T05:17:40.923Z" },
    { url = "https://files.pythonhosted.org/packages/ba/6d/542e32908fb421d88354f327ed6450e14240f9825d25393065bc65f4723f/cython-3.3.0-cp39-abi3-manylinux1_i686.manylinux_2_28_i686.manylinux_2_5_i686.whl", hash = "sha256:169e56fd411f4cd5bba51c82f8239421d547a846099db2b261e4aed48ba9f51f", size = 3358395, upload-time = "2026-08-22T05:17:43.036Z" },
    { url = "https://files.pythonhosted.org/packages/9c/7c/ddaf197bc65b581e1891657940bc4f7cb1f740e822115e828920b3a119ce/cython-3.3.0-cp39-abi3-manylinux2014_armv7l.manylinux_2_17_armv7l.manylinux_2_31_armv7l.whl", hash = "sha256:29f38ebafdf23e3da2516f40c4d065da38bfe002181bf93e2b8cf1262449aba6", size = 3041760, upload-time = "2026-08-22T05:17:44.907Z" },
    { url = "https://files.pythonhosted.org/packages/19/a7/ae5ec3e34d43da846ed4c425734752d83aae0dae49feb929f09c90fc9afa/cython-3.3.0-cp39-abi3-musllinux_1_2_aarch64.whl", hash = "sha256:75c4ae8a6d3a5ccf3cdaba8ab32e6a8d0cd38e3a476aa7ac12df8f8171a8d570", size = 3156152, upload-time = "2026-08-22T05:17:46.884Z" },
    { url = "https://files.pythonhosted.org/packages/31/44/c60b601fc43f0b08e9d6f14b94e0dd02eb0ca8d60f46e242ace7191ac1be/cython-3.3.0-cp39-abi3-musllinux_1_2_armv7l.whl", hash = "sha256:b94fb5613b9fe34c27d13ec9972dc0dcd2a2155db2902e93921cadc162610a38", size = 3046690, upload-time = "2026-08-22T05:17:48.731Z" },
    { url = "https://files.pythonhosted.org/packages/b0/9e/d735c26ed907563d3365534006acb263651c2d3b87fee804f7a483dd1714/cython-3.3.0-cp39-abi3-musllinux_1_2_i686.whl", hash = "sha256:c4558ba85849ab65dc57e10fd0efb13fabd9d3c09981a2566e18dec7cf47586a", size = 3373534, upload-time = "2026-08-22T05:17:50.7Z" },
    { url = "https://files.pythonhosted.org/packages/e0/e8/aa7b4f3a28d6e8117c76e2cf78a0df7a503486cdf7243c5b53200c9533a1/cython-3.3.0-cp39-abi3-musllinux_1_2_x86_64.whl", hash = "sha256:311a016369adfd1e0015c4f9819168fc0e518451d7efb4435c30d65a3a26d52b", size = 3265110, upload-time = "2026-08-22T05:17:52.577Z" },
    { url = "https://files.pythonhosted.org/packages/9c/66/37892a8999d6bbd3f92d691a9701cb720c8ddd6171e16f5148eee6e8cb7f/cython-3.3.0-cp39-abi3-win32.whl", hash = "sha256:90869072e50b7c8904fe1dd7810321ae901fd5637a6eec6646ed9c57f9eb1081", size = 2587733, upload-time = "2026-08-22T05:17:54.547Z" },
    { url = "https://files.pythonhosted.org/packages/19/a2/5f4d305cbd4489d21570e5491ad5c483c478cdab032853e2125c280e3bd5/cython-3.3.0-cp39-abi3-win_arm64.whl", hash = "sha256:dce56c26d388f00a19426371b6926bf2f77c5c03b71d5273e4556c68be98c2dd", size = 2608078, upload-time = "2026-08-22T05:17:56.386Z" },
    { url = "https://files.pythonhosted.org/packages/bf/77/67b0b24e45073a699610e50f00c18474ff9b09ea29ecc95083bdf5e60acd/cython-3.3.0-py3-none-any.whl", hash = "sha256:9b24b5c8cd536946b62086fcafee6d5509d3f549f72d553d2336af87ffbe0da1", size = 1349151, upload-time = "2026-08-22T05:16:36.741Z" },
]

[[package]]
name = "empirical-lawhood-brian2-native"
version = "0.1.0"
source = { virtual = "." }
dependencies = [
    { name = "brian2" },
    { name = "numpy" },
]

[package.metadata]
requires-dist = [
    { name = "brian2", specifier = "==2.9.0" },
    { name = "numpy", specifier = "==1.26.4" },
]

[[package]]
name = "jinja2"
version = "3.1.6"
source = { registry = "https://pypi.org/simple" }
dependencies = [
    { name = "markupsafe" },
]
sdist = { url = "https://files.pythonhosted.org/packages/df/bf/f7da0350254c0ed7c72f3e33cef02e048281fec7ecec5f032d4aac52226b/jinja2-3.1.6.tar.gz", hash = "sha256:0137fb05990d35f1275a587e9aee6d56da821fc83491a0fb838183be43f66d6d", size = 245115, upload-time = "2025-03-05T20:05:02.478Z" }
wheels = [
    { url = "https://files.pythonhosted.org/packages/62/a1/3d680cbfd5f4b8f15abc1d571870c5fc3e594bb582bc3b64ea099db13e56/jinja2-3.1.6-py3-none-any.whl", hash = "sha256:85ece4451f492d0c13c5dd7c13a64681a86afae63a5f347908daf103ce6d2f67", size = 134899, upload-time = "2025-03-05T20:05:00.369Z" },
]

[[package]]
name = "markupsafe"
version = "3.0.3"
source = { registry = "https://pypi.org/simple" }
sdist = { url = "https://files.pythonhosted.org/packages/7e/99/7690b6d4034fffd95959cbe0c02de8deb3098cc577c67bb6a24fe5d7caa7/markupsafe-3.0.3.tar.gz", hash = "sha256:722695808f4b6457b320fdc131280796bdceb04ab50fe1795cd540799ebe1698", size = 80313, upload-time = "2025-09-27T18:37:40.426Z" }
wheels = [
    { url = "https://files.pythonhosted.org/packages/08/db/fefacb2136439fc8dd20e797950e749aa1f4997ed584c62cfb8ef7c2be0e/markupsafe-3.0.3-cp311-cp311-macosx_10_9_x86_64.whl", hash = "sha256:1cc7ea17a6824959616c525620e387f6dd30fec8cb44f649e31712db02123dad", size = 11631, upload-time = "2025-09-27T18:36:18.185Z" },
    { url = "https://files.pythonhosted.org/packages/e1/2e/5898933336b61975ce9dc04decbc0a7f2fee78c30353c5efba7f2d6ff27a/markupsafe-3.0.3-cp311-cp311-macosx_11_0_arm64.whl", hash = "sha256:4bd4cd07944443f5a265608cc6aab442e4f74dff8088b0dfc8238647b8f6ae9a", size = 12058, upload-time = "2025-09-27T18:36:19.444Z" },
    { url = "https://files.pythonhosted.org/packages/1d/09/adf2df3699d87d1d8184038df46a9c80d78c0148492323f4693df54e17bb/markupsafe-3.0.3-cp311-cp311-manylinux2014_aarch64.manylinux_2_17_aarch64.manylinux_2_28_aarch64.whl", hash = "sha256:6b5420a1d9450023228968e7e6a9ce57f65d148ab56d2313fcd589eee96a7a50", size = 24287, upload-time = "2025-09-27T18:36:20.768Z" },
    { url = "https://files.pythonhosted.org/packages/30/ac/0273f6fcb5f42e314c6d8cd99effae6a5354604d461b8d392b5ec9530a54/markupsafe-3.0.3-cp311-cp311-manylinux2014_x86_64.manylinux_2_17_x86_64.manylinux_2_28_x86_64.whl", hash = "sha256:0bf2a864d67e76e5c9a34dc26ec616a66b9888e25e7b9460e1c76d3293bd9dbf", size = 22940, upload-time = "2025-09-27T18:36:22.249Z" },
    { url = "https://files.pythonhosted.org/packages/19/ae/31c1be199ef767124c042c6c3e904da327a2f7f0cd63a0337e1eca2967a8/markupsafe-3.0.3-cp311-cp311-manylinux_2_31_riscv64.manylinux_2_39_riscv64.whl", hash = "sha256:bc51efed119bc9cfdf792cdeaa4d67e8f6fcccab66ed4bfdd6bde3e59bfcbb2f", size = 21887, upload-time = "2025-09-27T18:36:23.535Z" },
    { url = "https://files.pythonhosted.org/packages/b2/76/7edcab99d5349a4532a459e1fe64f0b0467a3365056ae550d3bcf3f79e1e/markupsafe-3.0.3-cp311-cp311-musllinux_1_2_aarch64.whl", hash = "sha256:068f375c472b3e7acbe2d5318dea141359e6900156b5b2ba06a30b169086b91a", size = 23692, upload-time = "2025-09-27T18:36:24.823Z" },
    { url = "https://files.pythonhosted.org/packages/a4/28/6e74cdd26d7514849143d69f0bf2399f929c37dc2b31e6829fd2045b2765/markupsafe-3.0.3-cp311-cp311-musllinux_1_2_riscv64.whl", hash = "sha256:7be7b61bb172e1ed687f1754f8e7484f1c8019780f6f6b0786e76bb01c2ae115", size = 21471, upload-time = "2025-09-27T18:36:25.95Z" },
    { url = "https://files.pythonhosted.org/packages/62/7e/a145f36a5c2945673e590850a6f8014318d5577ed7e5920a4b3448e0865d/markupsafe-3.0.3-cp311-cp311-musllinux_1_2_x86_64.whl", hash = "sha256:f9e130248f4462aaa8e2552d547f36ddadbeaa573879158d721bbd33dfe4743a", size = 22923, upload-time = "2025-09-27T18:36:27.109Z" },
    { url = "https://files.pythonhosted.org/packages/0f/62/d9c46a7f5c9adbeeeda52f5b8d802e1094e9717705a645efc71b0913a0a8/markupsafe-3.0.3-cp311-cp311-win32.whl", hash = "sha256:0db14f5dafddbb6d9208827849fad01f1a2609380add406671a26386cdf15a19", size = 14572, upload-time = "2025-09-27T18:36:28.045Z" },
    { url = "https://files.pythonhosted.org/packages/83/8a/4414c03d3f891739326e1783338e48fb49781cc915b2e0ee052aa490d586/markupsafe-3.0.3-cp311-cp311-win_amd64.whl", hash = "sha256:de8a88e63464af587c950061a5e6a67d3632e36df62b986892331d4620a35c01", size = 15077, upload-time = "2025-09-27T18:36:29.025Z" },
    { url = "https://files.pythonhosted.org/packages/35/73/893072b42e6862f319b5207adc9ae06070f095b358655f077f69a35601f0/markupsafe-3.0.3-cp311-cp311-win_arm64.whl", hash = "sha256:3b562dd9e9ea93f13d53989d23a7e775fdfd1066c33494ff43f5418bc8c58a5c", size = 13876, upload-time = "2025-09-27T18:36:29.954Z" },
]

[[package]]
name = "mpmath"
version = "1.3.0"
source = { registry = "https://pypi.org/simple" }
sdist = { url = "https://files.pythonhosted.org/packages/e0/47/dd32fa426cc72114383ac549964eecb20ecfd886d1e5ccf5340b55b02f57/mpmath-1.3.0.tar.gz", hash = "sha256:7a28eb2a9774d00c7bc92411c19a89209d5da7c4c9a9e227be8330a23a25b91f", size = 508106, upload-time = "2023-03-07T16:47:11.061Z" }
wheels = [
    { url = "https://files.pythonhosted.org/packages/43/e3/7d92a15f894aa0c9c4b49b8ee9ac9850d6e63b03c9c32c0367a13ae62209/mpmath-1.3.0-py3-none-any.whl", hash = "sha256:a0b2b9fe80bbcd81a6647ff13108738cfb482d481d826cc0e02f5b35e5c88d2c", size = 536198, upload-time = "2023-03-07T16:47:09.197Z" },
]

[[package]]
name = "numpy"
version = "1.26.4"
source = { registry = "https://pypi.org/simple" }
sdist = { url = "https://files.pythonhosted.org/packages/65/6e/09db70a523a96d25e115e71cc56a6f9031e7b8cd166c1ac8438307c14058/numpy-1.26.4.tar.gz", hash = "sha256:2a02aba9ed12e4ac4eb3ea9421c420301a0c6460d9830d74a9df87efa4912010", size = 15786129, upload-time = "2024-02-06T00:26:44.495Z" }
wheels = [
    { url = "https://files.pythonhosted.org/packages/11/57/baae43d14fe163fa0e4c47f307b6b2511ab8d7d30177c491960504252053/numpy-1.26.4-cp311-cp311-macosx_10_9_x86_64.whl", hash = "sha256:4c66707fabe114439db9068ee468c26bbdf909cac0fb58686a42a24de1760c71", size = 20630554, upload-time = "2024-02-05T23:51:50.149Z" },
    { url = "https://files.pythonhosted.org/packages/1a/2e/151484f49fd03944c4a3ad9c418ed193cfd02724e138ac8a9505d056c582/numpy-1.26.4-cp311-cp311-macosx_11_0_arm64.whl", hash = "sha256:edd8b5fe47dab091176d21bb6de568acdd906d1887a4584a15a9a96a1dca06ef", size = 13997127, upload-time = "2024-02-05T23:52:15.314Z" },
    { url = "https://files.pythonhosted.org/packages/79/ae/7e5b85136806f9dadf4878bf73cf223fe5c2636818ba3ab1c585d0403164/numpy-1.26.4-cp311-cp311-manylinux_2_17_aarch64.manylinux2014_aarch64.whl", hash = "sha256:7ab55401287bfec946ced39700c053796e7cc0e3acbef09993a9ad2adba6ca6e", size = 14222994, upload-time = "2024-02-05T23:52:47.569Z" },
    { url = "https://files.pythonhosted.org/packages/3a/d0/edc009c27b406c4f9cbc79274d6e46d634d139075492ad055e3d68445925/numpy-1.26.4-cp311-cp311-manylinux_2_17_x86_64.manylinux2014_x86_64.whl", hash = "sha256:666dbfb6ec68962c033a450943ded891bed2d54e6755e35e5835d63f4f6931d5", size = 18252005, upload-time = "2024-02-05T23:53:15.637Z" },
    { url = "https://files.pythonhosted.org/packages/09/bf/2b1aaf8f525f2923ff6cfcf134ae5e750e279ac65ebf386c75a0cf6da06a/numpy-1.26.4-cp311-cp311-musllinux_1_1_aarch64.whl", hash = "sha256:96ff0b2ad353d8f990b63294c8986f1ec3cb19d749234014f4e7eb0112ceba5a", size = 13885297, upload-time = "2024-02-05T23:53:42.16Z" },
    { url = "https://files.pythonhosted.org/packages/df/a0/4e0f14d847cfc2a633a1c8621d00724f3206cfeddeb66d35698c4e2cf3d2/numpy-1.26.4-cp311-cp311-musllinux_1_1_x86_64.whl", hash = "sha256:60dedbb91afcbfdc9bc0b1f3f402804070deed7392c23eb7a7f07fa857868e8a", size = 18093567, upload-time = "2024-02-05T23:54:11.696Z" },
    { url = "https://files.pythonhosted.org/packages/d2/b7/a734c733286e10a7f1a8ad1ae8c90f2d33bf604a96548e0a4a3a6739b468/numpy-1.26.4-cp311-cp311-win32.whl", hash = "sha256:1af303d6b2210eb850fcf03064d364652b7120803a0b872f5211f5234b399f20", size = 5968812, upload-time = "2024-02-05T23:54:26.453Z" },
    { url = "https://files.pythonhosted.org/packages/3f/6b/5610004206cf7f8e7ad91c5a85a8c71b2f2f8051a0c0c4d5916b76d6cbb2/numpy-1.26.4-cp311-cp311-win_amd64.whl", hash = "sha256:cd25bcecc4974d09257ffcd1f098ee778f7834c3ad767fe5db785be9a4aa9cb2", size = 15811913, upload-time = "2024-02-05T23:54:53.933Z" },
]

[[package]]
name = "packaging"
version = "26.3"
source = { registry = "https://pypi.org/simple" }
sdist = { url = "https://files.pythonhosted.org/packages/7d/fa/3944b40b07da9ce895c0e6303a5ab7d53da063554f534556b134a54d6093/packaging-26.3.tar.gz", hash = "sha256:94edc256424af38762eb31306eed28beb9f0efc50a8837492c9d6fd6004aed79", size = 313412, upload-time = "2026-08-04T18:15:28.737Z" }
wheels = [
    { url = "https://files.pythonhosted.org/packages/63/34/ba1c580383c9eada3711951fef0795c80b829a078d72188184bcab9dd527/packaging-26.3-py3-none-any.whl", hash = "sha256:d7193f7c8e4e93f444fde0262bf90af30e16fa0ad0ad44cb553c87339b23cd1c", size = 129956, upload-time = "2026-08-04T18:15:27.159Z" },
]

[[package]]
name = "py-cpuinfo"
version = "9.0.0"
source = { registry = "https://pypi.org/simple" }
sdist = { url = "https://files.pythonhosted.org/packages/37/a8/d832f7293ebb21690860d2e01d8115e5ff6f2ae8bbdc953f0eb0fa4bd2c7/py-cpuinfo-9.0.0.tar.gz", hash = "sha256:3cdbbf3fac90dc6f118bfd64384f309edeadd902d7c8fb17f02ffa1fc3f49690", size = 104716, upload-time = "2022-10-25T20:38:06.303Z" }
wheels = [
    { url = "https://files.pythonhosted.org/packages/e0/a9/023730ba63db1e494a271cb018dcd361bd2c917ba7004c3e49d5daf795a2/py_cpuinfo-9.0.0-py3-none-any.whl", hash = "sha256:859625bc251f64e21f077d099d4162689c762b5d6a4c3c97553d56241c9674d5", size = 22335, upload-time = "2022-10-25T20:38:27.636Z" },
]

[[package]]
name = "pyparsing"
version = "3.3.3"
source = { registry = "https://pypi.org/simple" }
sdist = { url = "https://files.pythonhosted.org/packages/e4/11/b213bebff182584360cb8d17c72c1677fec5c5c228de439e63bcf8ab1c8f/pyparsing-3.3.3.tar.gz", hash = "sha256:928ae7e20211f3b6f3915a72f06a0cfd29ab9d24279dd6346b6b1a7146397d36", size = 1050487, upload-time = "2026-09-20T20:59:05.609Z" }
wheels = [
    { url = "https://files.pythonhosted.org/packages/38/bb/d215ee7c73b61497b28a5503f9f53523f294fcc936762b7caf90e0c1c2b5/pyparsing-3.3.3-py3-none-any.whl", hash = "sha256:ece8c00a69cf01b45d0b1dedabb469c90d8caf996d4fda40f147627a122849a4", size = 126420, upload-time = "2026-09-20T20:59:04.025Z" },
]

[[package]]
name = "setuptools"
version = "84.0.0"
source = { registry = "https://pypi.org/simple" }
sdist = { url = "https://files.pythonhosted.org/packages/6d/44/f5da03a8ef95d369145c5bb53050e7877c9f3d312e128605fd9504829143/setuptools-84.0.0.tar.gz", hash = "sha256:f4695c21257f0d9b537ec2692c941d02ee143b7cc1276941349a546573b2ef73", size = 1168449, upload-time = "2026-08-08T18:27:58.365Z" }
wheels = [
    { url = "https://files.pythonhosted.org/packages/95/9c/c510029fc6ef33a6275cd2c5d3cecd6613dfd6aa401d57c54f1c18852ccf/setuptools-84.0.0-py3-none-any.whl", hash = "sha256:51a52592b3b99e102b609654876bd65f19f999935166d1352678931132b0c670", size = 818216, upload-time = "2026-08-08T18:27:56.719Z" },
]

[[package]]
name = "sympy"
version = "1.14.0"
source = { registry = "https://pypi.org/simple" }
dependencies = [
    { name = "mpmath" },
]
sdist = { url = "https://files.pythonhosted.org/packages/83/d3/803453b36afefb7c2bb238361cd4ae6125a569b4db67cd9e79846ba2d68c/sympy-1.14.0.tar.gz", hash = "sha256:d3d3fe8df1e5a0b42f0e7bdf50541697dbe7d23746e894990c030e2b05e72517", size = 7793921, upload-time = "2025-04-27T18:05:01.611Z" }
wheels = [
    { url = "https://files.pythonhosted.org/packages/a2/09/77d55d46fd61b4a135c444fc97158ef34a095e5681d0a6c10b75bf356191/sympy-1.14.0-py3-none-any.whl", hash = "sha256:e091cc3e99d2141a0ba2847328f5479b05d94a6635cb96148ccb3f34671bd8f5", size = 6299353, upload-time = "2025-04-27T18:04:59.103Z" },
]
